
Microsoft Visual Studio Solution File, Format Version 12.00
# Visual Studio Version 18
VisualStudioVersion = 18.1.11304.174 d18.0
MinimumVisualStudioVersion = 10.0.40219.1
Project("{FAE04EC0-301F-11D3-BF4B-00C04F79EFBC}") = "IVSoftware.Portable.Collections", "IVSoftware.Portable.Collections\IVSoftware.Portable.Collections.csproj", "{D458F08D-026D-89A5-3166-63FD2E17D1C8}"
EndProject
Project("{FAE04EC0-301F-11D3-BF4B-00C04F79EFBC}") = "IVSoftware.Portable.Collections.MSTest", "IVSoftware.Portable.Collections.MSTest\IVSoftware.Portable.Collections.MSTest.csproj", "{B88595E1-1604-4D0D-BA52-BD7F12E81416}"
EndProject
Project("{FAE04EC0-301F-11D3-BF4B-00C04F79EFBC}") = "FilteredList.Maui.Demo", "FilteredList.Maui.Demo\FilteredList.Maui.Demo.csproj", "{48C1C34E-67F8-416F-BC36-E13E635F2280}"
EndProject
Global
	GlobalSection(SolutionConfigurationPlatforms) = preSolution
		Debug|Any CPU = Debug|Any CPU
		Release|Any CPU = Release|Any CPU
	EndGlobalSection
	GlobalSection(ProjectConfigurationPlatforms) = postSolution
		{D458F08D-026D-89A5-3166-63FD2E17D1C8}.Debug|Any CPU.ActiveCfg = Debug|Any CPU
		{D458F08D-026D-89A5-3166-63FD2E17D1C8}.Debug|Any CPU.Build.0 = Debug|Any CPU
		{D458F08D-026D-89A5-3166-63FD2E17D1C8}.Release|Any CPU.ActiveCfg = Release|Any CPU
		{D458F08D-026D-89A5-3166-63FD2E17D1C8}.Release|Any CPU.Build.0 = Release|Any CPU
		{B88595E1-1604-4D0D-BA52-BD7F12E81416}.Debug|Any CPU.ActiveCfg = Debug|Any CPU
		{B88595E1-1604-4D0D-BA52-BD7F12E81416}.Debug|Any CPU.Build.0 = Debug|Any CPU
		{B88595E1-1604-4D0D-BA52-BD7F12E81416}.Release|Any CPU.ActiveCfg = Release|Any CPU
		{B88595E1-1604-4D0D-BA52-BD7F12E81416}.Release|Any CPU.Build.0 = Release|Any CPU
		{48C1C34E-67F8-416F-BC36-E13E635F2280}.Debug|Any CPU.ActiveCfg = Debug|Any CPU
		{48C1C34E-67F8-416F-BC36-E13E635F2280}.Debug|Any CPU.Build.0 = Debug|Any CPU
		{48C1C34E-67F8-416F-BC36-E13E635F2280}.Release|Any CPU.ActiveCfg = Release|Any CPU
		{48C1C34E-67F8-416F-BC36-E13E635F2280}.Release|Any CPU.Build.0 = Release|Any CPU
	EndGlobalSection
	GlobalSection(SolutionProperties) = preSolution
		HideSolutionNode = FALSE
	EndGlobalSection
	GlobalSection(ExtensibilityGlobals) = postSolution
		SolutionGuid = {BD0A2EE3-9D03-4041-8F55-23A540890302}
	EndGlobalSection
EndGlobal
